Microsoft Visual Studio Solution File, Format Version 12.00
# Visual Studio Version 17
VisualStudioVersion = 17.5.2.0
MinimumVisualStudioVersion = 10.0.40219.1
Project("{FAE04EC0-301F-11D3-BF4B-00C04F79EFBC}") = "SistemaDocumental.Core", "SistemaDocumental.Core.csproj", "{C90FCDCB-F878-C324-C70D-9697EC1F99E8}"
EndProject
Global
	GlobalSection(SolutionConfigurationPlatforms) = preSolution
		Debug|Any CPU = Debug|Any CPU
		Release|Any CPU = Release|Any CPU
	EndGlobalSection
	GlobalSection(ProjectConfigurationPlatforms) = postSolution
		{C90FCDCB-F878-C324-C70D-9697EC1F99E8}.Debug|Any CPU.ActiveCfg = Debug|Any CPU
		{C90FCDCB-F878-C324-C70D-9697EC1F99E8}.Debug|Any CPU.Build.0 = Debug|Any CPU
		{C90FCDCB-F878-C324-C70D-9697EC1F99E8}.Release|Any CPU.ActiveCfg = Release|Any CPU
		{C90FCDCB-F878-C324-C70D-9697EC1F99E8}.Release|Any CPU.Build.0 = Release|Any CPU
	EndGlobalSection
	GlobalSection(SolutionProperties) = preSolution
		HideSolutionNode = FALSE
	EndGlobalSection
	GlobalSection(ExtensibilityGlobals) = postSolution
		SolutionGuid = {229B9F76-217B-43E1-B25A-899D6F0FE0FD}
	EndGlobalSection
EndGlobal
